// !$*UTF8*$!
{
	archiveVersion = 1;
	classes = {
	};
	objectVersion = 56;
	objects = {

/* Begin PBXBuildFile section */
		AA000000000000000000000A /* ODataIncrementalStore.h in Headers */ = {isa = PBXBuildFile; fileRef = AA000000000000000000000B /* ODataIncrementalStore.h */; settings = {ATTRIBUTES = (Public, ); }; };
		AA000000000000000000000C /* OISRuntime.h in Headers */ = {isa = PBXBuildFile; fileRef = AA000000000000000000000D /* OISRuntime.h */; settings = {ATTRIBUTES = (Public, ); }; };
		AA000000000000000000000E /* OISCoreData.h in Headers */ = {isa = PBXBuildFile; fileRef = AA000000000000000000000F /* OISCoreData.h */; settings = {ATTRIBUTES = (Public, ); }; };
		AA0000000000000000000012 /* ODataError.h in Headers */ = {isa = PBXBuildFile; fileRef = AA0000000000000000000013 /* ODataError.h */; settings = {ATTRIBUTES = (Public, ); }; };
		AA0000000000000000000014 /* ODataConfiguration.h in Headers */ = {isa = PBXBuildFile; fileRef = AA0000000000000000000015 /* ODataConfiguration.h */; settings = {ATTRIBUTES = (Public, ); }; };
		AA0000000000000000000016 /* ODataClient.h in Headers */ = {isa = PBXBuildFile; fileRef = AA0000000000000000000017 /* ODataClient.h */; settings = {ATTRIBUTES = (Public, ); }; };
		AA0000000000000000000018 /* ODataPropertyMapper.h in Headers */ = {isa = PBXBuildFile; fileRef = AA0000000000000000000019 /* ODataPropertyMapper.h */; settings = {ATTRIBUTES = (Public, ); }; };
		AA00000000000000000000C5 /* ODataValue.h in Headers */ = {isa = PBXBuildFile; fileRef = AA00000000000000000000C6 /* ODataValue.h */; settings = {ATTRIBUTES = (Public, ); }; };
		AA00000000000000000000CB /* ODataBatch.h in Headers */ = {isa = PBXBuildFile; fileRef = AA00000000000000000000CC /* ODataBatch.h */; settings = {ATTRIBUTES = (Public, ); }; };
		AA00000000000000000000CF /* ODataSchema.h in Headers */ = {isa = PBXBuildFile; fileRef = AA00000000000000000000D0 /* ODataSchema.h */; settings = {ATTRIBUTES = (Public, ); }; };
		AA00000000000000000000F1 /* ODataOperationCall.h in Headers */ = {isa = PBXBuildFile; fileRef = AA00000000000000000000F2 /* ODataOperationCall.h */; settings = {ATTRIBUTES = (Public, ); }; };
		AA00000000000000000000E1 /* ODataHistory.h in Headers */ = {isa = PBXBuildFile; fileRef = AA00000000000000000000E2 /* ODataHistory.h */; settings = {ATTRIBUTES = (Public, ); }; };
		AA00000000000000000000FB /* ODataClassWriter.h in Headers */ = {isa = PBXBuildFile; fileRef = AA00000000000000000000FC /* ODataClassWriter.h */; settings = {ATTRIBUTES = (Public, ); }; };
		AA00000000000000000000F7 /* ODataFunctionExpression.h in Headers */ = {isa = PBXBuildFile; fileRef = AA00000000000000000000F8 /* ODataFunctionExpression.h */; settings = {ATTRIBUTES = (Public, ); }; };
		AA00000000000000000000D5 /* ODataModelBuilder.h in Headers */ = {isa = PBXBuildFile; fileRef = AA00000000000000000000D6 /* ODataModelBuilder.h */; settings = {ATTRIBUTES = (Public, ); }; };
		AA000000000000000000001A /* ODataResourceIdentifier.h in Headers */ = {isa = PBXBuildFile; fileRef = AA000000000000000000001B /* ODataResourceIdentifier.h */; settings = {ATTRIBUTES = (Public, ); }; };
		AA000000000000000000001C /* ODataPredicateTranslator.h in Headers */ = {isa = PBXBuildFile; fileRef = AA000000000000000000001D /* ODataPredicateTranslator.h */; settings = {ATTRIBUTES = (Public, ); }; };
		AA000000000000000000001E /* ODataQueryBuilder.h in Headers */ = {isa = PBXBuildFile; fileRef = AA000000000000000000001F /* ODataQueryBuilder.h */; settings = {ATTRIBUTES = (Public, ); }; };
		AA0000000000000000000020 /* ODataError.m in Sources */ = {isa = PBXBuildFile; fileRef = AA0000000000000000000021 /* ODataError.m */; };
		AA0000000000000000000022 /* ODataConfiguration.m in Sources */ = {isa = PBXBuildFile; fileRef = AA0000000000000000000023 /* ODataConfiguration.m */; };
		AA0000000000000000000024 /* ODataClient.m in Sources */ = {isa = PBXBuildFile; fileRef = AA0000000000000000000025 /* ODataClient.m */; };
		AA0000000000000000000026 /* ODataPropertyMapper.m in Sources */ = {isa = PBXBuildFile; fileRef = AA0000000000000000000027 /* ODataPropertyMapper.m */; };
		AA00000000000000000000C7 /* ODataValue.m in Sources */ = {isa = PBXBuildFile; fileRef = AA00000000000000000000C8 /* ODataValue.m */; };
		AA00000000000000000000CD /* ODataBatch.m in Sources */ = {isa = PBXBuildFile; fileRef = AA00000000000000000000CE /* ODataBatch.m */; };
		AA00000000000000000000D1 /* ODataSchema.m in Sources */ = {isa = PBXBuildFile; fileRef = AA00000000000000000000D2 /* ODataSchema.m */; };
		AA00000000000000000000F3 /* ODataOperationCall.m in Sources */ = {isa = PBXBuildFile; fileRef = AA00000000000000000000F4 /* ODataOperationCall.m */; };
		AA00000000000000000000E3 /* ODataHistory.m in Sources */ = {isa = PBXBuildFile; fileRef = AA00000000000000000000E4 /* ODataHistory.m */; };
		AA00000000000000000000FD /* ODataClassWriter.m in Sources */ = {isa = PBXBuildFile; fileRef = AA00000000000000000000FE /* ODataClassWriter.m */; };
		AA00000000000000000000F9 /* ODataFunctionExpression.m in Sources */ = {isa = PBXBuildFile; fileRef = AA00000000000000000000FA /* ODataFunctionExpression.m */; };
		AA00000000000000000000D7 /* ODataModelBuilder.m in Sources */ = {isa = PBXBuildFile; fileRef = AA00000000000000000000D8 /* ODataModelBuilder.m */; };
		AA0000000000000000000028 /* ODataResourceIdentifier.m in Sources */ = {isa = PBXBuildFile; fileRef = AA0000000000000000000029 /* ODataResourceIdentifier.m */; };
		AA000000000000000000002A /* ODataPredicateTranslator.m in Sources */ = {isa = PBXBuildFile; fileRef = AA000000000000000000002B /* ODataPredicateTranslator.m */; };
		AA000000000000000000002C /* ODataQueryBuilder.m in Sources */ = {isa = PBXBuildFile; fileRef = AA000000000000000000002D /* ODataQueryBuilder.m */; };
		AA000000000000000000002E /* ODataIncrementalStore.m in Sources */ = {isa = PBXBuildFile; fileRef = AA000000000000000000002F /* ODataIncrementalStore.m */; };
		AA0000000000000000000032 /* ODataSnapshotTransport.m in Sources */ = {isa = PBXBuildFile; fileRef = AA0000000000000000000033 /* ODataSnapshotTransport.m */; };
		AA0000000000000000000034 /* ODataPredicateTranslatorTests.m in Sources */ = {isa = PBXBuildFile; fileRef = AA0000000000000000000035 /* ODataPredicateTranslatorTests.m */; };
		AA0000000000000000000036 /* ODataQueryBuilderTests.m in Sources */ = {isa = PBXBuildFile; fileRef = AA0000000000000000000037 /* ODataQueryBuilderTests.m */; };
		AA00000000000000000000C9 /* ODataValueTests.m in Sources */ = {isa = PBXBuildFile; fileRef = AA00000000000000000000CA /* ODataValueTests.m */; };
		AA00000000000000000000D3 /* ODataSchemaTests.m in Sources */ = {isa = PBXBuildFile; fileRef = AA00000000000000000000D4 /* ODataSchemaTests.m */; };
		AA00000000000000000000F5 /* ODataOperationTests.m in Sources */ = {isa = PBXBuildFile; fileRef = AA00000000000000000000F6 /* ODataOperationTests.m */; };
		AA00000000000000000000E5 /* ODataHistoryTests.m in Sources */ = {isa = PBXBuildFile; fileRef = AA00000000000000000000E6 /* ODataHistoryTests.m */; };
		AA00000000000000000000D9 /* ODataModelBuilderTests.m in Sources */ = {isa = PBXBuildFile; fileRef = AA00000000000000000000DA /* ODataModelBuilderTests.m */; };
		AA0000000000000000000038 /* ODataResourceIdentifierTests.m in Sources */ = {isa = PBXBuildFile; fileRef = AA0000000000000000000039 /* ODataResourceIdentifierTests.m */; };
		AA000000000000000000003A /* ODataSnapshotStoreTests.m in Sources */ = {isa = PBXBuildFile; fileRef = AA000000000000000000003B /* ODataSnapshotStoreTests.m */; };
		AA000000000000000000003C /* CoreData.framework in Frameworks */ = {isa = PBXBuildFile; fileRef = AA000000000000000000003D /* CoreData.framework */; };
		AA000000000000000000003E /* Foundation.framework in Frameworks */ = {isa = PBXBuildFile; fileRef = AA000000000000000000003F /* Foundation.framework */; };
		AA0000000000000000000040 /* CoreData.framework in Frameworks */ = {isa = PBXBuildFile; fileRef = AA000000000000000000003D /* CoreData.framework */; };
		AA0000000000000000000041 /* ODataIncrementalStore.framework in Frameworks */ = {isa = PBXBuildFile; fileRef = AA0000000000000000000003 /* ODataIncrementalStore.framework */; };
		AA0000000000000000000042 /* Snapshots in Resources */ = {isa = PBXBuildFile; fileRef = AA0000000000000000000043 /* Snapshots */; };
		AA00000000000000000000C1 /* Catalog.xcdatamodeld in Resources */ = {isa = PBXBuildFile; fileRef = AA00000000000000000000C0 /* Catalog.xcdatamodeld */; };
		AA00000000000000000000C3 /* OISCatalogModel.m in Sources */ = {isa = PBXBuildFile; fileRef = AA00000000000000000000C2 /* OISCatalogModel.m */; };
/* End PBXBuildFile section */

/* Begin PBXContainerItemProxy section */
		AA0000000000000000000044 /* PBXContainerItemProxy */ = {
			isa = PBXContainerItemProxy;
			containerPortal = AA0000000000000000000001 /* Project object */;
			proxyType = 1;
			remoteGlobalIDString = AA0000000000000000000002;
			remoteInfo = ODataIncrementalStore;
		};
/* End PBXContainerItemProxy section */

/* Begin PBXFileReference section */
		AA0000000000000000000003 /* ODataIncrementalStore.framework */ = {isa = PBXFileReference; explicitFileType = wrapper.framework; includeInIndex = 0; path = ODataIncrementalStore.framework; sourceTree = BUILT_PRODUCTS_DIR; };
		AA0000000000000000000005 /* ODataIncrementalStoreTests.xctest */ = {isa = PBXFileReference; explicitFileType = wrapper.cfbundle; includeInIndex = 0; path = ODataIncrementalStoreTests.xctest; sourceTree = BUILT_PRODUCTS_DIR; };
		AA000000000000000000000B /* ODataIncrementalStore.h */ = {isa = PBXFileReference; lastKnownFileType = sourcecode.c.h; path = ODataIncrementalStore.h; sourceTree = "<group>"; };
		AA000000000000000000000D /* OISRuntime.h */ = {isa = PBXFileReference; lastKnownFileType = sourcecode.c.h; path = OISRuntime.h; sourceTree = "<group>"; };
		AA000000000000000000000F /* OISCoreData.h */ = {isa = PBXFileReference; lastKnownFileType = sourcecode.c.h; path = OISCoreData.h; sourceTree = "<group>"; };
		AA0000000000000000000013 /* ODataError.h */ = {isa = PBXFileReference; lastKnownFileType = sourcecode.c.h; path = ODataError.h; sourceTree = "<group>"; };
		AA0000000000000000000015 /* ODataConfiguration.h */ = {isa = PBXFileReference; lastKnownFileType = sourcecode.c.h; path = ODataConfiguration.h; sourceTree = "<group>"; };
		AA0000000000000000000017 /* ODataClient.h */ = {isa = PBXFileReference; lastKnownFileType = sourcecode.c.h; path = ODataClient.h; sourceTree = "<group>"; };
		AA0000000000000000000019 /* ODataPropertyMapper.h */ = {isa = PBXFileReference; lastKnownFileType = sourcecode.c.h; path = ODataPropertyMapper.h; sourceTree = "<group>"; };
		AA00000000000000000000C6 /* ODataValue.h */ = {isa = PBXFileReference; lastKnownFileType = sourcecode.c.h; path = ODataValue.h; sourceTree = "<group>"; };
		AA00000000000000000000CC /* ODataBatch.h */ = {isa = PBXFileReference; lastKnownFileType = sourcecode.c.h; path = ODataBatch.h; sourceTree = "<group>"; };
		AA00000000000000000000D0 /* ODataSchema.h */ = {isa = PBXFileReference; lastKnownFileType = sourcecode.c.h; path = ODataSchema.h; sourceTree = "<group>"; };
		AA00000000000000000000F2 /* ODataOperationCall.h */ = {isa = PBXFileReference; lastKnownFileType = sourcecode.c.h; path = ODataOperationCall.h; sourceTree = "<group>"; };
		AA00000000000000000000E2 /* ODataHistory.h */ = {isa = PBXFileReference; lastKnownFileType = sourcecode.c.h; path = ODataHistory.h; sourceTree = "<group>"; };
		AA00000000000000000000FC /* ODataClassWriter.h */ = {isa = PBXFileReference; lastKnownFileType = sourcecode.c.h; path = ODataClassWriter.h; sourceTree = "<group>"; };
		AA00000000000000000000F8 /* ODataFunctionExpression.h */ = {isa = PBXFileReference; lastKnownFileType = sourcecode.c.h; path = ODataFunctionExpression.h; sourceTree = "<group>"; };
		AA00000000000000000000D6 /* ODataModelBuilder.h */ = {isa = PBXFileReference; lastKnownFileType = sourcecode.c.h; path = ODataModelBuilder.h; sourceTree = "<group>"; };
		AA000000000000000000001B /* ODataResourceIdentifier.h */ = {isa = PBXFileReference; lastKnownFileType = sourcecode.c.h; path = ODataResourceIdentifier.h; sourceTree = "<group>"; };
		AA000000000000000000001D /* ODataPredicateTranslator.h */ = {isa = PBXFileReference; lastKnownFileType = sourcecode.c.h; path = ODataPredicateTranslator.h; sourceTree = "<group>"; };
		AA000000000000000000001F /* ODataQueryBuilder.h */ = {isa = PBXFileReference; lastKnownFileType = sourcecode.c.h; path = ODataQueryBuilder.h; sourceTree = "<group>"; };
		AA0000000000000000000021 /* ODataError.m */ = {isa = PBXFileReference; lastKnownFileType = sourcecode.c.objc; path = ODataError.m; sourceTree = "<group>"; };
		AA0000000000000000000023 /* ODataConfiguration.m */ = {isa = PBXFileReference; lastKnownFileType = sourcecode.c.objc; path = ODataConfiguration.m; sourceTree = "<group>"; };
		AA0000000000000000000025 /* ODataClient.m */ = {isa = PBXFileReference; lastKnownFileType = sourcecode.c.objc; path = ODataClient.m; sourceTree = "<group>"; };
		AA0000000000000000000027 /* ODataPropertyMapper.m */ = {isa = PBXFileReference; lastKnownFileType = sourcecode.c.objc; path = ODataPropertyMapper.m; sourceTree = "<group>"; };
		AA00000000000000000000C8 /* ODataValue.m */ = {isa = PBXFileReference; lastKnownFileType = sourcecode.c.objc; path = ODataValue.m; sourceTree = "<group>"; };
		AA00000000000000000000CE /* ODataBatch.m */ = {isa = PBXFileReference; lastKnownFileType = sourcecode.c.objc; path = ODataBatch.m; sourceTree = "<group>"; };
		AA00000000000000000000D2 /* ODataSchema.m */ = {isa = PBXFileReference; lastKnownFileType = sourcecode.c.objc; path = ODataSchema.m; sourceTree = "<group>"; };
		AA00000000000000000000F4 /* ODataOperationCall.m */ = {isa = PBXFileReference; lastKnownFileType = sourcecode.c.objc; path = ODataOperationCall.m; sourceTree = "<group>"; };
		AA00000000000000000000E4 /* ODataHistory.m */ = {isa = PBXFileReference; lastKnownFileType = sourcecode.c.objc; path = ODataHistory.m; sourceTree = "<group>"; };
		AA00000000000000000000FE /* ODataClassWriter.m */ = {isa = PBXFileReference; lastKnownFileType = sourcecode.c.objc; path = ODataClassWriter.m; sourceTree = "<group>"; };
		AA00000000000000000000FA /* ODataFunctionExpression.m */ = {isa = PBXFileReference; lastKnownFileType = sourcecode.c.objc; path = ODataFunctionExpression.m; sourceTree = "<group>"; };
		AA00000000000000000000D8 /* ODataModelBuilder.m */ = {isa = PBXFileReference; lastKnownFileType = sourcecode.c.objc; path = ODataModelBuilder.m; sourceTree = "<group>"; };
		AA0000000000000000000029 /* ODataResourceIdentifier.m */ = {isa = PBXFileReference; lastKnownFileType = sourcecode.c.objc; path = ODataResourceIdentifier.m; sourceTree = "<group>"; };
		AA000000000000000000002B /* ODataPredicateTranslator.m */ = {isa = PBXFileReference; lastKnownFileType = sourcecode.c.objc; path = ODataPredicateTranslator.m; sourceTree = "<group>"; };
		AA000000000000000000002D /* ODataQueryBuilder.m */ = {isa = PBXFileReference; lastKnownFileType = sourcecode.c.objc; path = ODataQueryBuilder.m; sourceTree = "<group>"; };
		AA000000000000000000002F /* ODataIncrementalStore.m */ = {isa = PBXFileReference; lastKnownFileType = sourcecode.c.objc; path = ODataIncrementalStore.m; sourceTree = "<group>"; };
		AA0000000000000000000033 /* ODataSnapshotTransport.m */ = {isa = PBXFileReference; lastKnownFileType = sourcecode.c.objc; path = ODataSnapshotTransport.m; sourceTree = "<group>"; };
		AA0000000000000000000035 /* ODataPredicateTranslatorTests.m */ = {isa = PBXFileReference; lastKnownFileType = sourcecode.c.objc; path = ODataPredicateTranslatorTests.m; sourceTree = "<group>"; };
		AA0000000000000000000037 /* ODataQueryBuilderTests.m */ = {isa = PBXFileReference; lastKnownFileType = sourcecode.c.objc; path = ODataQueryBuilderTests.m; sourceTree = "<group>"; };
		AA00000000000000000000CA /* ODataValueTests.m */ = {isa = PBXFileReference; lastKnownFileType = sourcecode.c.objc; path = ODataValueTests.m; sourceTree = "<group>"; };
		AA00000000000000000000D4 /* ODataSchemaTests.m */ = {isa = PBXFileReference; lastKnownFileType = sourcecode.c.objc; path = ODataSchemaTests.m; sourceTree = "<group>"; };
		AA00000000000000000000F6 /* ODataOperationTests.m */ = {isa = PBXFileReference; lastKnownFileType = sourcecode.c.objc; path = ODataOperationTests.m; sourceTree = "<group>"; };
		AA00000000000000000000E6 /* ODataHistoryTests.m */ = {isa = PBXFileReference; lastKnownFileType = sourcecode.c.objc; path = ODataHistoryTests.m; sourceTree = "<group>"; };
		AA00000000000000000000DA /* ODataModelBuilderTests.m */ = {isa = PBXFileReference; lastKnownFileType = sourcecode.c.objc; path = ODataModelBuilderTests.m; sourceTree = "<group>"; };
		AA0000000000000000000039 /* ODataResourceIdentifierTests.m */ = {isa = PBXFileReference; lastKnownFileType = sourcecode.c.objc; path = ODataResourceIdentifierTests.m; sourceTree = "<group>"; };
		AA000000000000000000003B /* ODataSnapshotStoreTests.m */ = {isa = PBXFileReference; lastKnownFileType = sourcecode.c.objc; path = ODataSnapshotStoreTests.m; sourceTree = "<group>"; };
		AA000000000000000000003D /* CoreData.framework */ = {isa = PBXFileReference; lastKnownFileType = wrapper.framework; name = CoreData.framework; path = System/Library/Frameworks/CoreData.framework; sourceTree = SDKROOT; };
		AA000000000000000000003F /* Foundation.framework */ = {isa = PBXFileReference; lastKnownFileType = wrapper.framework; name = Foundation.framework; path = System/Library/Frameworks/Foundation.framework; sourceTree = SDKROOT; };
		AA0000000000000000000043 /* Snapshots */ = {isa = PBXFileReference; lastKnownFileType = folder; path = Snapshots; sourceTree = "<group>"; };
		AA0000000000000000000045 /* Debug.xcconfig */ = {isa = PBXFileReference; lastKnownFileType = text.xcconfig; path = Debug.xcconfig; sourceTree = "<group>"; };
		AA0000000000000000000046 /* Release.xcconfig */ = {isa = PBXFileReference; lastKnownFileType = text.xcconfig; path = Release.xcconfig; sourceTree = "<group>"; };
		AA0000000000000000000047 /* Common.xcconfig */ = {isa = PBXFileReference; lastKnownFileType = text.xcconfig; path = Common.xcconfig; sourceTree = "<group>"; };
		AA000000000000000000004B /* ODataSnapshotTransport.h */ = {isa = PBXFileReference; lastKnownFileType = sourcecode.c.h; path = ODataSnapshotTransport.h; sourceTree = "<group>"; };
		AA000000000000000000004C /* README.md */ = {isa = PBXFileReference; lastKnownFileType = net.daringfireball.markdown; path = README.md; sourceTree = "<group>"; };
		AA000000000000000000004D /* GNUmakefile */ = {isa = PBXFileReference; lastKnownFileType = sourcecode.make; path = GNUmakefile; sourceTree = "<group>"; };
		AA00000000000000000000C0 /* Catalog.xcdatamodeld */ = {isa = PBXFileReference; lastKnownFileType = wrapper.xcdatamodeld; name = Catalog.xcdatamodeld; path = ../Examples/Catalog/Catalog.xcdatamodeld; sourceTree = "<group>"; };
		AA00000000000000000000C2 /* OISCatalogModel.m */ = {isa = PBXFileReference; lastKnownFileType = sourcecode.c.objc; path = OISCatalogModel.m; sourceTree = "<group>"; };
		AA00000000000000000000C4 /* OISCatalogModel.h */ = {isa = PBXFileReference; lastKnownFileType = sourcecode.c.h; path = OISCatalogModel.h; sourceTree = "<group>"; };
/* End PBXFileReference section */

/* Begin PBXFrameworksBuildPhase section */
		AA000000000000000000004E /* Frameworks */ = {
			isa = PBXFrameworksBuildPhase;
			buildActionMask = 2147483647;
			files = (
				AA000000000000000000003C /* CoreData.framework in Frameworks */,
				AA000000000000000000003E /* Foundation.framework in Frameworks */,
			);
			runOnlyForDeploymentPostprocessing = 0;
		};
		AA000000000000000000004F /* Frameworks */ = {
			isa = PBXFrameworksBuildPhase;
			buildActionMask = 2147483647;
			files = (
				AA0000000000000000000041 /* ODataIncrementalStore.framework in Frameworks */,
				AA0000000000000000000040 /* CoreData.framework in Frameworks */,
			);
			runOnlyForDeploymentPostprocessing = 0;
		};
/* End PBXFrameworksBuildPhase section */

/* Begin PBXGroup section */
		AA0000000000000000000050 = {
			isa = PBXGroup;
			children = (
				AA0000000000000000000051 /* Source */,
				AA0000000000000000000052 /* Tests */,
				AA0000000000000000000053 /* Xcode */,
				AA0000000000000000000054 /* Frameworks */,
				AA0000000000000000000055 /* Products */,
			);
			sourceTree = "<group>";
		};
		AA0000000000000000000051 /* Source */ = {
			isa = PBXGroup;
			children = (
				AA0000000000000000000056 /* include */,
				AA0000000000000000000021 /* ODataError.m */,
				AA0000000000000000000023 /* ODataConfiguration.m */,
				AA0000000000000000000025 /* ODataClient.m */,
				AA0000000000000000000027 /* ODataPropertyMapper.m */,
				AA00000000000000000000C8 /* ODataValue.m */,
				AA00000000000000000000CE /* ODataBatch.m */,
				AA00000000000000000000D2 /* ODataSchema.m */,
				AA00000000000000000000F4 /* ODataOperationCall.m */,
				AA00000000000000000000E4 /* ODataHistory.m */,
				AA00000000000000000000FE /* ODataClassWriter.m */,
				AA00000000000000000000FA /* ODataFunctionExpression.m */,
				AA00000000000000000000D8 /* ODataModelBuilder.m */,
				AA0000000000000000000029 /* ODataResourceIdentifier.m */,
				AA000000000000000000002B /* ODataPredicateTranslator.m */,
				AA000000000000000000002D /* ODataQueryBuilder.m */,
				AA000000000000000000002F /* ODataIncrementalStore.m */,
			);
			path = Source;
			sourceTree = "<group>";
		};
		AA0000000000000000000052 /* Tests */ = {
			isa = PBXGroup;
			children = (
				AA00000000000000000000C2 /* OISCatalogModel.m */,
				AA0000000000000000000033 /* ODataSnapshotTransport.m */,
				AA0000000000000000000035 /* ODataPredicateTranslatorTests.m */,
				AA0000000000000000000037 /* ODataQueryBuilderTests.m */,
				AA00000000000000000000CA /* ODataValueTests.m */,
				AA00000000000000000000D4 /* ODataSchemaTests.m */,
				AA00000000000000000000F6 /* ODataOperationTests.m */,
				AA00000000000000000000E6 /* ODataHistoryTests.m */,
				AA00000000000000000000DA /* ODataModelBuilderTests.m */,
				AA0000000000000000000039 /* ODataResourceIdentifierTests.m */,
				AA000000000000000000003B /* ODataSnapshotStoreTests.m */,
				AA00000000000000000000C4 /* OISCatalogModel.h */,
				AA000000000000000000004B /* ODataSnapshotTransport.h */,
				AA0000000000000000000043 /* Snapshots */,
				AA00000000000000000000C0 /* Catalog.xcdatamodeld */,
				AA000000000000000000004C /* README.md */,
				AA000000000000000000004D /* GNUmakefile */,
			);
			path = Tests;
			sourceTree = "<group>";
		};
		AA0000000000000000000053 /* Xcode */ = {
			isa = PBXGroup;
			children = (
				AA0000000000000000000047 /* Common.xcconfig */,
				AA0000000000000000000045 /* Debug.xcconfig */,
				AA0000000000000000000046 /* Release.xcconfig */,
			);
			name = Xcode;
			path = Xcode/Configs;
			sourceTree = "<group>";
		};
		AA0000000000000000000054 /* Frameworks */ = {
			isa = PBXGroup;
			children = (
				AA000000000000000000003D /* CoreData.framework */,
				AA000000000000000000003F /* Foundation.framework */,
			);
			name = Frameworks;
			sourceTree = "<group>";
		};
		AA0000000000000000000055 /* Products */ = {
			isa = PBXGroup;
			children = (
				AA0000000000000000000003 /* ODataIncrementalStore.framework */,
				AA0000000000000000000005 /* ODataIncrementalStoreTests.xctest */,
			);
			name = Products;
			sourceTree = "<group>";
		};
		AA0000000000000000000056 /* include */ = {
			isa = PBXGroup;
			children = (
				AA000000000000000000000B /* ODataIncrementalStore.h */,
				AA000000000000000000000D /* OISRuntime.h */,
				AA000000000000000000000F /* OISCoreData.h */,
				AA0000000000000000000013 /* ODataError.h */,
				AA0000000000000000000015 /* ODataConfiguration.h */,
				AA0000000000000000000017 /* ODataClient.h */,
				AA0000000000000000000019 /* ODataPropertyMapper.h */,
				AA00000000000000000000C6 /* ODataValue.h */,
				AA00000000000000000000CC /* ODataBatch.h */,
				AA00000000000000000000D0 /* ODataSchema.h */,
				AA00000000000000000000F2 /* ODataOperationCall.h */,
				AA00000000000000000000E2 /* ODataHistory.h */,
				AA00000000000000000000FC /* ODataClassWriter.h */,
				AA00000000000000000000F8 /* ODataFunctionExpression.h */,
				AA00000000000000000000D6 /* ODataModelBuilder.h */,
				AA000000000000000000001B /* ODataResourceIdentifier.h */,
				AA000000000000000000001D /* ODataPredicateTranslator.h */,
				AA000000000000000000001F /* ODataQueryBuilder.h */,
			);
			path = include;
			sourceTree = "<group>";
		};
/* End PBXGroup section */

/* Begin PBXHeadersBuildPhase section */
		AA0000000000000000000057 /* Headers */ = {
			isa = PBXHeadersBuildPhase;
			buildActionMask = 2147483647;
			files = (
				AA000000000000000000000A /* ODataIncrementalStore.h in Headers */,
				AA000000000000000000000C /* OISRuntime.h in Headers */,
				AA000000000000000000000E /* OISCoreData.h in Headers */,
				AA0000000000000000000012 /* ODataError.h in Headers */,
				AA0000000000000000000014 /* ODataConfiguration.h in Headers */,
				AA0000000000000000000016 /* ODataClient.h in Headers */,
				AA0000000000000000000018 /* ODataPropertyMapper.h in Headers */,
				AA00000000000000000000C5 /* ODataValue.h in Headers */,
				AA00000000000000000000CB /* ODataBatch.h in Headers */,
				AA00000000000000000000CF /* ODataSchema.h in Headers */,
				AA00000000000000000000F1 /* ODataOperationCall.h in Headers */,
				AA00000000000000000000E1 /* ODataHistory.h in Headers */,
				AA00000000000000000000FB /* ODataClassWriter.h in Headers */,
				AA00000000000000000000F7 /* ODataFunctionExpression.h in Headers */,
				AA00000000000000000000D5 /* ODataModelBuilder.h in Headers */,
				AA000000000000000000001A /* ODataResourceIdentifier.h in Headers */,
				AA000000000000000000001C /* ODataPredicateTranslator.h in Headers */,
				AA000000000000000000001E /* ODataQueryBuilder.h in Headers */,
			);
			runOnlyForDeploymentPostprocessing = 0;
		};
/* End PBXHeadersBuildPhase section */

/* Begin PBXNativeTarget section */
		AA0000000000000000000002 /* ODataIncrementalStore */ = {
			isa = PBXNativeTarget;
			buildConfigurationList = AA0000000000000000000058 /* Build configuration list for PBXNativeTarget "ODataIncrementalStore" */;
			buildPhases = (
				AA0000000000000000000057 /* Headers */,
				AA0000000000000000000059 /* Sources */,
				AA000000000000000000004E /* Frameworks */,
				AA000000000000000000005A /* Resources */,
			);
			buildRules = (
			);
			dependencies = (
			);
			name = ODataIncrementalStore;
			productName = ODataIncrementalStore;
			productReference = AA0000000000000000000003 /* ODataIncrementalStore.framework */;
			productType = "com.apple.product-type.framework";
		};
		AA0000000000000000000004 /* ODataIncrementalStoreTests */ = {
			isa = PBXNativeTarget;
			buildConfigurationList = AA000000000000000000005B /* Build configuration list for PBXNativeTarget "ODataIncrementalStoreTests" */;
			buildPhases = (
				AA000000000000000000005C /* Sources */,
				AA000000000000000000004F /* Frameworks */,
				AA000000000000000000005D /* Resources */,
			);
			buildRules = (
			);
			dependencies = (
				AA000000000000000000005E /* PBXTargetDependency */,
			);
			name = ODataIncrementalStoreTests;
			productName = ODataIncrementalStoreTests;
			productReference = AA0000000000000000000005 /* ODataIncrementalStoreTests.xctest */;
			productType = "com.apple.product-type.bundle.unit-test";
		};
/* End PBXNativeTarget section */

/* Begin PBXProject section */
		AA0000000000000000000001 /* Project object */ = {
			isa = PBXProject;
			attributes = {
				BuildIndependentTargetsInParallel = 1;
				LastUpgradeCheck = 1500;
				ORGANIZATIONNAME = "OIS contributors";
				TargetAttributes = {
					AA0000000000000000000002 = {
						CreatedOnToolsVersion = 15.0;
					};
					AA0000000000000000000004 = {
						CreatedOnToolsVersion = 15.0;
					};
				};
			};
			buildConfigurationList = AA000000000000000000005F /* Build configuration list for PBXProject "ODataIncrementalStore" */;
			compatibilityVersion = "Xcode 14.0";
			developmentRegion = en;
			hasScannedForEncodings = 0;
			knownRegions = (
				en,
				Base,
			);
			mainGroup = AA0000000000000000000050;
			productRefGroup = AA0000000000000000000055 /* Products */;
			projectDirPath = "";
			projectRoot = "";
			targets = (
				AA0000000000000000000002 /* ODataIncrementalStore */,
				AA0000000000000000000004 /* ODataIncrementalStoreTests */,
			);
		};
/* End PBXProject section */

/* Begin PBXResourcesBuildPhase section */
		AA000000000000000000005A /* Resources */ = {
			isa = PBXResourcesBuildPhase;
			buildActionMask = 2147483647;
			files = (
			);
			runOnlyForDeploymentPostprocessing = 0;
		};
		AA000000000000000000005D /* Resources */ = {
			isa = PBXResourcesBuildPhase;
			buildActionMask = 2147483647;
			files = (
				AA0000000000000000000042 /* Snapshots in Resources */,
				AA00000000000000000000C1 /* Catalog.xcdatamodeld in Resources */,
			);
			runOnlyForDeploymentPostprocessing = 0;
		};
/* End PBXResourcesBuildPhase section */

/* Begin PBXSourcesBuildPhase section */
		AA0000000000000000000059 /* Sources */ = {
			isa = PBXSourcesBuildPhase;
			buildActionMask = 2147483647;
			files = (
				AA0000000000000000000020 /* ODataError.m in Sources */,
				AA0000000000000000000022 /* ODataConfiguration.m in Sources */,
				AA0000000000000000000024 /* ODataClient.m in Sources */,
				AA0000000000000000000026 /* ODataPropertyMapper.m in Sources */,
				AA00000000000000000000C7 /* ODataValue.m in Sources */,
				AA00000000000000000000CD /* ODataBatch.m in Sources */,
				AA00000000000000000000D1 /* ODataSchema.m in Sources */,
				AA00000000000000000000F3 /* ODataOperationCall.m in Sources */,
				AA00000000000000000000E3 /* ODataHistory.m in Sources */,
				AA00000000000000000000FD /* ODataClassWriter.m in Sources */,
				AA00000000000000000000F9 /* ODataFunctionExpression.m in Sources */,
				AA00000000000000000000D7 /* ODataModelBuilder.m in Sources */,
				AA0000000000000000000028 /* ODataResourceIdentifier.m in Sources */,
				AA000000000000000000002A /* ODataPredicateTranslator.m in Sources */,
				AA000000000000000000002C /* ODataQueryBuilder.m in Sources */,
				AA000000000000000000002E /* ODataIncrementalStore.m in Sources */,
			);
			runOnlyForDeploymentPostprocessing = 0;
		};
		AA000000000000000000005C /* Sources */ = {
			isa = PBXSourcesBuildPhase;
			buildActionMask = 2147483647;
			files = (
				AA00000000000000000000C3 /* OISCatalogModel.m in Sources */,
				AA0000000000000000000032 /* ODataSnapshotTransport.m in Sources */,
				AA0000000000000000000034 /* ODataPredicateTranslatorTests.m in Sources */,
				AA0000000000000000000036 /* ODataQueryBuilderTests.m in Sources */,
				AA00000000000000000000C9 /* ODataValueTests.m in Sources */,
				AA00000000000000000000D3 /* ODataSchemaTests.m in Sources */,
				AA00000000000000000000F5 /* ODataOperationTests.m in Sources */,
				AA00000000000000000000E5 /* ODataHistoryTests.m in Sources */,
				AA00000000000000000000D9 /* ODataModelBuilderTests.m in Sources */,
				AA0000000000000000000038 /* ODataResourceIdentifierTests.m in Sources */,
				AA000000000000000000003A /* ODataSnapshotStoreTests.m in Sources */,
			);
			runOnlyForDeploymentPostprocessing = 0;
		};
/* End PBXSourcesBuildPhase section */

/* Begin PBXTargetDependency section */
		AA000000000000000000005E /* PBXTargetDependency */ = {
			isa = PBXTargetDependency;
			target = AA0000000000000000000002 /* ODataIncrementalStore */;
			targetProxy = AA0000000000000000000044 /* PBXContainerItemProxy */;
		};
/* End PBXTargetDependency section */

/* Begin XCBuildConfiguration section */
		AA0000000000000000000060 /* Debug */ = {
			isa = XCBuildConfiguration;
			baseConfigurationReference = AA0000000000000000000045 /* Debug.xcconfig */;
			buildSettings = {
			};
			name = Debug;
		};
		AA0000000000000000000061 /* Release */ = {
			isa = XCBuildConfiguration;
			baseConfigurationReference = AA0000000000000000000046 /* Release.xcconfig */;
			buildSettings = {
			};
			name = Release;
		};
		AA0000000000000000000062 /* Debug */ = {
			isa = XCBuildConfiguration;
			baseConfigurationReference = AA0000000000000000000045 /* Debug.xcconfig */;
			buildSettings = {
				COMBINE_HIDPI_IMAGES = YES;
				DEFINES_MODULE = NO;
				DYLIB_COMPATIBILITY_VERSION = 1;
				DYLIB_CURRENT_VERSION = 1;
				DYLIB_INSTALL_NAME_BASE = "@rpath";
				HEADER_SEARCH_PATHS = "$(SRCROOT)/Source/include";
				INFOPLIST_KEY_NSHumanReadableCopyright = "Copyright (C) 2026 OIS contributors. LGPL-2.1-or-later.";
				INSTALL_PATH = "$(LOCAL_LIBRARY_DIR)/Frameworks";
				LD_RUNPATH_SEARCH_PATHS = (
					"@executable_path/../Frameworks",
					"@loader_path/Frameworks",
				);
				MODULEMAP_FILE = "";
				PRODUCT_BUNDLE_IDENTIFIER = io.github.ashalkhakov.ODataIncrementalStore;
				PRODUCT_NAME = "$(TARGET_NAME)";
				SKIP_INSTALL = YES;
			};
			name = Debug;
		};
		AA0000000000000000000063 /* Release */ = {
			isa = XCBuildConfiguration;
			baseConfigurationReference = AA0000000000000000000046 /* Release.xcconfig */;
			buildSettings = {
				COMBINE_HIDPI_IMAGES = YES;
				DEFINES_MODULE = NO;
				DYLIB_COMPATIBILITY_VERSION = 1;
				DYLIB_CURRENT_VERSION = 1;
				DYLIB_INSTALL_NAME_BASE = "@rpath";
				HEADER_SEARCH_PATHS = "$(SRCROOT)/Source/include";
				INFOPLIST_KEY_NSHumanReadableCopyright = "Copyright (C) 2026 OIS contributors. LGPL-2.1-or-later.";
				INSTALL_PATH = "$(LOCAL_LIBRARY_DIR)/Frameworks";
				LD_RUNPATH_SEARCH_PATHS = (
					"@executable_path/../Frameworks",
					"@loader_path/Frameworks",
				);
				MODULEMAP_FILE = "";
				PRODUCT_BUNDLE_IDENTIFIER = io.github.ashalkhakov.ODataIncrementalStore;
				PRODUCT_NAME = "$(TARGET_NAME)";
				SKIP_INSTALL = YES;
			};
			name = Release;
		};
		AA0000000000000000000064 /* Debug */ = {
			isa = XCBuildConfiguration;
			baseConfigurationReference = AA0000000000000000000045 /* Debug.xcconfig */;
			buildSettings = {
				BUNDLE_LOADER = "$(TEST_HOST)";
				CLANG_WARN_QUOTED_INCLUDE_IN_FRAMEWORK_HEADER = NO;
				COMBINE_HIDPI_IMAGES = YES;
				GENERATE_INFOPLIST_FILE = YES;
				HEADER_SEARCH_PATHS = (
					"$(SRCROOT)/Source/include",
					"$(SRCROOT)/Tests",
				);
				LD_RUNPATH_SEARCH_PATHS = (
					"$(inherited)",
					"@executable_path/../Frameworks",
					"@loader_path/../Frameworks",
				);
				PRODUCT_BUNDLE_IDENTIFIER = io.github.ashalkhakov.ODataIncrementalStore.tests;
				PRODUCT_NAME = "$(TARGET_NAME)";
				SKIP_INSTALL = YES;
			};
			name = Debug;
		};
		AA0000000000000000000065 /* Release */ = {
			isa = XCBuildConfiguration;
			baseConfigurationReference = AA0000000000000000000046 /* Release.xcconfig */;
			buildSettings = {
				BUNDLE_LOADER = "$(TEST_HOST)";
				CLANG_WARN_QUOTED_INCLUDE_IN_FRAMEWORK_HEADER = NO;
				COMBINE_HIDPI_IMAGES = YES;
				GENERATE_INFOPLIST_FILE = YES;
				HEADER_SEARCH_PATHS = (
					"$(SRCROOT)/Source/include",
					"$(SRCROOT)/Tests",
				);
				LD_RUNPATH_SEARCH_PATHS = (
					"$(inherited)",
					"@executable_path/../Frameworks",
					"@loader_path/../Frameworks",
				);
				PRODUCT_BUNDLE_IDENTIFIER = io.github.ashalkhakov.ODataIncrementalStore.tests;
				PRODUCT_NAME = "$(TARGET_NAME)";
				SKIP_INSTALL = YES;
			};
			name = Release;
		};
/* End XCBuildConfiguration section */

/* Begin XCConfigurationList section */
		AA0000000000000000000058 /* Build configuration list for PBXNativeTarget "ODataIncrementalStore" */ = {
			isa = XCConfigurationList;
			buildConfigurations = (
				AA0000000000000000000062 /* Debug */,
				AA0000000000000000000063 /* Release */,
			);
			defaultConfigurationIsVisible = 0;
			defaultConfigurationName = Release;
		};
		AA000000000000000000005B /* Build configuration list for PBXNativeTarget "ODataIncrementalStoreTests" */ = {
			isa = XCConfigurationList;
			buildConfigurations = (
				AA0000000000000000000064 /* Debug */,
				AA0000000000000000000065 /* Release */,
			);
			defaultConfigurationIsVisible = 0;
			defaultConfigurationName = Release;
		};
		AA000000000000000000005F /* Build configuration list for PBXProject "ODataIncrementalStore" */ = {
			isa = XCConfigurationList;
			buildConfigurations = (
				AA0000000000000000000060 /* Debug */,
				AA0000000000000000000061 /* Release */,
			);
			defaultConfigurationIsVisible = 0;
			defaultConfigurationName = Release;
		};
/* End XCConfigurationList section */
	};
	rootObject = AA0000000000000000000001 /* Project object */;
}
